
Microsoft Visual Studio Solution File, Format Version 12.00
# Visual Studio Version 17
VisualStudioVersion = 17.0.31903.59
MinimumVisualStudioVersion = 10.0.40219.1
Project("{F2A71F9B-5D33-465A-A702-920D77279786}") = "Solutions", "Solutions\Solutions.fsproj", "{4C3F11FD-12FD-47CD-8F3A-C2B78362D6C8}"
EndProject
Project("{F2A71F9B-5D33-465A-A702-920D77279786}") = "CLI", "CLI\CLI.fsproj", "{7ACDBF8E-D12A-4C5C-8102-F449A6DDC9B4}"
EndProject
Project("{F2A71F9B-5D33-465A-A702-920D77279786}") = "Tests", "Tests\Tests.fsproj", "{71937763-25FD-418E-92AA-241BE38D3834}"
EndProject
Global
	GlobalSection(SolutionConfigurationPlatforms) = preSolution
		Debug|Any CPU = Debug|Any CPU
		Release|Any CPU = Release|Any CPU
	EndGlobalSection
	GlobalSection(SolutionProperties) = preSolution
		HideSolutionNode = FALSE
	EndGlobalSection
	GlobalSection(ProjectConfigurationPlatforms) = postSolution
		{4C3F11FD-12FD-47CD-8F3A-C2B78362D6C8}.Debug|Any CPU.ActiveCfg = Debug|Any CPU
		{4C3F11FD-12FD-47CD-8F3A-C2B78362D6C8}.Debug|Any CPU.Build.0 = Debug|Any CPU
		{4C3F11FD-12FD-47CD-8F3A-C2B78362D6C8}.Release|Any CPU.ActiveCfg = Release|Any CPU
		{4C3F11FD-12FD-47CD-8F3A-C2B78362D6C8}.Release|Any CPU.Build.0 = Release|Any CPU
		{7ACDBF8E-D12A-4C5C-8102-F449A6DDC9B4}.Debug|Any CPU.ActiveCfg = Debug|Any CPU
		{7ACDBF8E-D12A-4C5C-8102-F449A6DDC9B4}.Debug|Any CPU.Build.0 = Debug|Any CPU
		{7ACDBF8E-D12A-4C5C-8102-F449A6DDC9B4}.Release|Any CPU.ActiveCfg = Release|Any CPU
		{7ACDBF8E-D12A-4C5C-8102-F449A6DDC9B4}.Release|Any CPU.Build.0 = Release|Any CPU
		{71937763-25FD-418E-92AA-241BE38D3834}.Debug|Any CPU.ActiveCfg = Debug|Any CPU
		{71937763-25FD-418E-92AA-241BE38D3834}.Debug|Any CPU.Build.0 = Debug|Any CPU
		{71937763-25FD-418E-92AA-241BE38D3834}.Release|Any CPU.ActiveCfg = Release|Any CPU
		{71937763-25FD-418E-92AA-241BE38D3834}.Release|Any CPU.Build.0 = Release|Any CPU
	EndGlobalSection
EndGlobal
